// !$*UTF8*$!
{
	archiveVersion = 1;
	classes = {
	};
	objectVersion = 56;
	objects = {

/* Begin PBXBuildFile section */
		0327380228DC50D60049652C /* AppDelegate.swift in Sources */ = {isa = PBXBuildFile; fileRef = 0327380128DC50D60049652C /* AppDelegate.swift */; };
		0327380428DC50D60049652C /* ViewController.swift in Sources */ = {isa = PBXBuildFile; fileRef = 0327380328DC50D60049652C /* ViewController.swift */; };
		0327380628DC50D80049652C /* Assets.xcassets in Resources */ = {isa = PBXBuildFile; fileRef = 0327380528DC50D80049652C /* Assets.xcassets */; };
		0327380928DC50D80049652C /* Main.storyboard in Resources */ = {isa = PBXBuildFile; fileRef = 0327380728DC50D80049652C /* Main.storyboard */; };
		0327381428DC50D80049652C /* test3Tests.swift in Sources */ = {isa = PBXBuildFile; fileRef = 0327381328DC50D80049652C /* test3Tests.swift */; };
		0327381E28DC50D80049652C /* test3UITests.swift in Sources */ = {isa = PBXBuildFile; fileRef = 0327381D28DC50D80049652C /* test3UITests.swift */; };
		0327382028DC50D80049652C /* test3UITestsLaunchTests.swift in Sources */ = {isa = PBXBuildFile; fileRef = 0327381F28DC50D80049652C /* test3UITestsLaunchTests.swift */; };
/* End PBXBuildFile section */

/* Begin PBXContainerItemProxy section */
		0327381028DC50D80049652C /* PBXContainerItemProxy */ = {
			isa = PBXContainerItemProxy;
			containerPortal = 032737F628DC50D60049652C /* Project object */;
			proxyType = 1;
			remoteGlobalIDString = 032737FD28DC50D60049652C;
			remoteInfo = test3;
		};
		0327381A28DC50D80049652C /* PBXContainerItemProxy */ = {
			isa = PBXContainerItemProxy;
			containerPortal = 032737F628DC50D60049652C /* Project object */;
			proxyType = 1;
			remoteGlobalIDString = 032737FD28DC50D60049652C;
			remoteInfo = test3;
		};
/* End PBXContainerItemProxy section */

/* Begin PBXFileReference section */
		032737FE28DC50D60049652C /* test3.app */ = {isa = PBXFileReference; explicitFileType = wrapper.application; includeInIndex = 0; path = test3.app; sourceTree = BUILT_PRODUCTS_DIR; };
		0327380128DC50D60049652C /* AppDelegate.swift */ = {isa = PBXFileReference; lastKnownFileType = sourcecode.swift; path = AppDelegate.swift; sourceTree = "<group>"; };
		0327380328DC50D60049652C /* ViewController.swift */ = {isa = PBXFileReference; lastKnownFileType = sourcecode.swift; path = ViewController.swift; sourceTree = "<group>"; };
		0327380528DC50D80049652C /* Assets.xcassets */ = {isa = PBXFileReference; lastKnownFileType = folder.assetcatalog; path = Assets.xcassets; sourceTree = "<group>"; };
		0327380828DC50D80049652C /* Base */ = {isa = PBXFileReference; lastKnownFileType = file.storyboard; name = Base; path = Base.lproj/Main.storyboard; sourceTree = "<group>"; };
		0327380A28DC50D80049652C /* test3.entitlements */ = {isa = PBXFileReference; lastKnownFileType = text.plist.entitlements; path = test3.entitlements; sourceTree = "<group>"; };
		0327380F28DC50D80049652C /* test3Tests.xctest */ = {isa = PBXFileReference; explicitFileType = wrapper.cfbundle; includeInIndex = 0; path = test3Tests.xctest; sourceTree = BUILT_PRODUCTS_DIR; };
		0327381328DC50D80049652C /* test3Tests.swift */ = {isa = PBXFileReference; lastKnownFileType = sourcecode.swift; path = test3Tests.swift; sourceTree = "<group>"; };
		0327381928DC50D80049652C /* test3UITests.xctest */ = {isa = PBXFileReference; explicitFileType = wrapper.cfbundle; includeInIndex = 0; path = test3UITests.xctest; sourceTree = BUILT_PRODUCTS_DIR; };
		0327381D28DC50D80049652C /* test3UITests.swift */ = {isa = PBXFileReference; lastKnownFileType = sourcecode.swift; path = test3UITests.swift; sourceTree = "<group>"; };
		0327381F28DC50D80049652C /* test3UITestsLaunchTests.swift */ = {isa = PBXFileReference; lastKnownFileType = sourcecode.swift; path = test3UITestsLaunchTests.swift; sourceTree = "<group>"; };
/* End PBXFileReference section */

/* Begin PBXFrameworksBuildPhase section */
		032737FB28DC50D60049652C /* Frameworks */ = {
			isa = PBXFrameworksBuildPhase;
			buildActionMask = 2147483647;
			files = (
			);
			runOnlyForDeploymentPostprocessing = 0;
		};
		0327380C28DC50D80049652C /* Frameworks */ = {
			isa = PBXFrameworksBuildPhase;
			buildActionMask = 2147483647;
			files = (
			);
			runOnlyForDeploymentPostprocessing = 0;
		};
		0327381628DC50D80049652C /* Frameworks */ = {
			isa = PBXFrameworksBuildPhase;
			buildActionMask = 2147483647;
			files = (
			);
			runOnlyForDeploymentPostprocessing = 0;
		};
/* End PBXFrameworksBuildPhase section */

/* Begin PBXGroup section */
		032737F528DC50D60049652C = {
			isa = PBXGroup;
			children = (
				0327380028DC50D60049652C /* test3 */,
				0327381228DC50D80049652C /* test3Tests */,
				0327381C28DC50D80049652C /* test3UITests */,
				032737FF28DC50D60049652C /* Products */,
			);
			sourceTree = "<group>";
		};
		032737FF28DC50D60049652C /* Products */ = {
			isa = PBXGroup;
			children = (
				032737FE28DC50D60049652C /* test3.app */,
				0327380F28DC50D80049652C /* test3Tests.xctest */,
				0327381928DC50D80049652C /* test3UITests.xctest */,
			);
			name = Products;
			sourceTree = "<group>";
		};
		0327380028DC50D60049652C /* test3 */ = {
			isa = PBXGroup;
			children = (
				0327380128DC50D60049652C /* AppDelegate.swift */,
				0327380328DC50D60049652C /* ViewController.swift */,
				0327380528DC50D80049652C /* Assets.xcassets */,
				0327380728DC50D80049652C /* Main.storyboard */,
				0327380A28DC50D80049652C /* test3.entitlements */,
			);
			path = test3;
			sourceTree = "<group>";
		};
		0327381228DC50D80049652C /* test3Tests */ = {
			isa = PBXGroup;
			children = (
				0327381328DC50D80049652C /* test3Tests.swift */,
			);
			path = test3Tests;
			sourceTree = "<group>";
		};
		0327381C28DC50D80049652C /* test3UITests */ = {
			isa = PBXGroup;
			children = (
				0327381D28DC50D80049652C /* test3UITests.swift */,
				0327381F28DC50D80049652C /* test3UITestsLaunchTests.swift */,
			);
			path = test3UITests;
			sourceTree = "<group>";
		};
/* End PBXGroup section */

/* Begin PBXNativeTarget section */
		032737FD28DC50D60049652C /* test3 */ = {
			isa = PBXNativeTarget;
			buildConfigurationList = 0327382328DC50D80049652C /* Build configuration list for PBXNativeTarget "test3" */;
			buildPhases = (
				032737FA28DC50D60049652C /* Sources */,
				032737FB28DC50D60049652C /* Frameworks */,
				032737FC28DC50D60049652C /* Resources */,
			);
			buildRules = (
			);
			dependencies = (
			);
			name = test3;
			productName = test3;
			productReference = 032737FE28DC50D60049652C /* test3.app */;
			productType = "com.apple.product-type.application";
		};
		0327380E28DC50D80049652C /* test3Tests */ = {
			isa = PBXNativeTarget;
			buildConfigurationList = 0327382628DC50D80049652C /* Build configuration list for PBXNativeTarget "test3Tests" */;
			buildPhases = (
				0327380B28DC50D80049652C /* Sources */,
				0327380C28DC50D80049652C /* Frameworks */,
				0327380D28DC50D80049652C /* Resources */,
			);
			buildRules = (
			);
			dependencies = (
				0327381128DC50D80049652C /* PBXTargetDependency */,
			);
			name = test3Tests;
			productName = test3Tests;
			productReference = 0327380F28DC50D80049652C /* test3Tests.xctest */;
			productType = "com.apple.product-type.bundle.unit-test";
		};
		0327381828DC50D80049652C /* test3UITests */ = {
			isa = PBXNativeTarget;
			buildConfigurationList = 0327382928DC50D80049652C /* Build configuration list for PBXNativeTarget "test3UITests" */;
			buildPhases = (
				0327381528DC50D80049652C /* Sources */,
				0327381628DC50D80049652C /* Frameworks */,
				0327381728DC50D80049652C /* Resources */,
			);
			buildRules = (
			);
			dependencies = (
				0327381B28DC50D80049652C /* PBXTargetDependency */,
			);
			name = test3UITests;
			productName = test3UITests;
			productReference = 0327381928DC50D80049652C /* test3UITests.xctest */;
			productType = "com.apple.product-type.bundle.ui-testing";
		};
/* End PBXNativeTarget section */

/* Begin PBXProject section */
		032737F628DC50D60049652C /* Project object */ = {
			isa = PBXProject;
			attributes = {
				BuildIndependentTargetsInParallel = 1;
				LastSwiftUpdateCheck = 1400;
				LastUpgradeCheck = 1400;
				TargetAttributes = {
					032737FD28DC50D60049652C = {
						CreatedOnToolsVersion = 14.0;
					};
					0327380E28DC50D80049652C = {
						CreatedOnToolsVersion = 14.0;
						TestTargetID = 032737FD28DC50D60049652C;
					};
					0327381828DC50D80049652C = {
						CreatedOnToolsVersion = 14.0;
						TestTargetID = 032737FD28DC50D60049652C;
					};
				};
			};
			buildConfigurationList = 032737F928DC50D60049652C /* Build configuration list for PBXProject "test3" */;
			compatibilityVersion = "Xcode 14.0";
			developmentRegion = en;
			hasScannedForEncodings = 0;
			knownRegions = (
				en,
				Base,
			);
			mainGroup = 032737F528DC50D60049652C;
			productRefGroup = 032737FF28DC50D60049652C /* Products */;
			projectDirPath = "";
			projectRoot = "";
			targets = (
				032737FD28DC50D60049652C /* test3 */,
				0327380E28DC50D80049652C /* test3Tests */,
				0327381828DC50D80049652C /* test3UITests */,
			);
		};
/* End PBXProject section */

/* Begin PBXResourcesBuildPhase section */
		032737FC28DC50D60049652C /* Resources */ = {
			isa = PBXResourcesBuildPhase;
			buildActionMask = 2147483647;
			files = (
				0327380628DC50D80049652C /* Assets.xcassets in Resources */,
				0327380928DC50D80049652C /* Main.storyboard in Resources */,
			);
			runOnlyForDeploymentPostprocessing = 0;
		};
		0327380D28DC50D80049652C /* Resources */ = {
			isa = PBXResourcesBuildPhase;
			buildActionMask = 2147483647;
			files = (
			);
			runOnlyForDeploymentPostprocessing = 0;
		};
		0327381728DC50D80049652C /* Resources */ = {
			isa = PBXResourcesBuildPhase;
			buildActionMask = 2147483647;
			files = (
			);
			runOnlyForDeploymentPostprocessing = 0;
		};
/* End PBXResourcesBuildPhase section */

/* Begin PBXSourcesBuildPhase section */
		032737FA28DC50D60049652C /* Sources */ = {
			isa = PBXSourcesBuildPhase;
			buildActionMask = 2147483647;
			files = (
				0327380428DC50D60049652C /* ViewController.swift in Sources */,
				0327380228DC50D60049652C /* AppDelegate.swift in Sources */,
			);
			runOnlyForDeploymentPostprocessing = 0;
		};
		0327380B28DC50D80049652C /* Sources */ = {
			isa = PBXSourcesBuildPhase;
			buildActionMask = 2147483647;
			files = (
				0327381428DC50D80049652C /* test3Tests.swift in Sources */,
			);
			runOnlyForDeploymentPostprocessing = 0;
		};
		0327381528DC50D80049652C /* Sources */ = {
			isa = PBXSourcesBuildPhase;
			buildActionMask = 2147483647;
			files = (
				0327382028DC50D80049652C /* test3UITestsLaunchTests.swift in Sources */,
				0327381E28DC50D80049652C /* test3UITests.swift in Sources */,
			);
			runOnlyForDeploymentPostprocessing = 0;
		};
/* End PBXSourcesBuildPhase section */

/* Begin PBXTargetDependency section */
		0327381128DC50D80049652C /* PBXTargetDependency */ = {
			isa = PBXTargetDependency;
			target = 032737FD28DC50D60049652C /* test3 */;
			targetProxy = 0327381028DC50D80049652C /* PBXContainerItemProxy */;
		};
		0327381B28DC50D80049652C /* PBXTargetDependency */ = {
			isa = PBXTargetDependency;
			target = 032737FD28DC50D60049652C /* test3 */;
			targetProxy = 0327381A28DC50D80049652C /* PBXContainerItemProxy */;
		};
/* End PBXTargetDependency section */

/* Begin PBXVariantGroup section */
		0327380728DC50D80049652C /* Main.storyboard */ = {
			isa = PBXVariantGroup;
			children = (
				0327380828DC50D80049652C /* Base */,
			);
			name = Main.storyboard;
			sourceTree = "<group>";
		};
/* End PBXVariantGroup section */

/* Begin XCBuildConfiguration section */
		0327382128DC50D80049652C /* Debug */ = {
			isa = XCBuildConfiguration;
			buildSettings = {
				ALWAYS_SEARCH_USER_PATHS = NO;
				CLANG_ANALYZER_NONNULL = YES;
				CLANG_ANALYZER_NUMBER_OBJECT_CONVERSION = YES_AGGRESSIVE;
				CLANG_CXX_LANGUAGE_STANDARD = "gnu++20";
				CLANG_ENABLE_MODULES = YES;
				CLANG_ENABLE_OBJC_ARC = YES;
				CLANG_ENABLE_OBJC_WEAK = YES;
				CLANG_WARN_BLOCK_CAPTURE_AUTORELEASING = YES;
				CLANG_WARN_BOOL_CONVERSION = YES;
				CLANG_WARN_COMMA = YES;
				CLANG_WARN_CONSTANT_CONVERSION = YES;
				CLANG_WARN_DEPRECATED_OBJC_IMPLEMENTATIONS = YES;
				CLANG_WARN_DIRECT_OBJC_ISA_USAGE = YES_ERROR;
				CLANG_WARN_DOCUMENTATION_COMMENTS = YES;
				CLANG_WARN_EMPTY_BODY = YES;
				CLANG_WARN_ENUM_CONVERSION = YES;
				CLANG_WARN_INFINITE_RECURSION = YES;
				CLANG_WARN_INT_CONVERSION = YES;
				CLANG_WARN_NON_LITERAL_NULL_CONVERSION = YES;
				CLANG_WARN_OBJC_IMPLICIT_RETAIN_SELF = YES;
				CLANG_WARN_OBJC_LITERAL_CONVERSION = YES;
				CLANG_WARN_OBJC_ROOT_CLASS = YES_ERROR;
				CLANG_WARN_QUOTED_INCLUDE_IN_FRAMEWORK_HEADER = YES;
				CLANG_WARN_RANGE_LOOP_ANALYSIS = YES;
				CLANG_WARN_STRICT_PROTOTYPES = YES;
				CLANG_WARN_SUSPICIOUS_MOVE = YES;
				CLANG_WARN_UNGUARDED_AVAILABILITY = YES_AGGRESSIVE;
				CLANG_WARN_UNREACHABLE_CODE = YES;
				CLANG_WARN__DUPLICATE_METHOD_MATCH = YES;
				COPY_PHASE_STRIP = NO;
				DEBUG_INFORMATION_FORMAT = dwarf;
				ENABLE_STRICT_OBJC_MSGSEND = YES;
				ENABLE_TESTABILITY = YES;
				GCC_C_LANGUAGE_STANDARD = gnu11;
				GCC_DYNAMIC_NO_PIC = NO;
				GCC_NO_COMMON_BLOCKS = YES;
				GCC_OPTIMIZATION_LEVEL = 0;
				GCC_PREPROCESSOR_DEFINITIONS = (
					"DEBUG=1",
					"$(inherited)",
				);
				GCC_WARN_64_TO_32_BIT_CONVERSION = YES;
				GCC_WARN_ABOUT_RETURN_TYPE = YES_ERROR;
				GCC_WARN_UNDECLARED_SELECTOR = YES;
				GCC_WARN_UNINITIALIZED_AUTOS = YES_AGGRESSIVE;
				GCC_WARN_UNUSED_FUNCTION = YES;
				GCC_WARN_UNUSED_VARIABLE = YES;
				MACOSX_DEPLOYMENT_TARGET = 12.3;
				MTL_ENABLE_DEBUG_INFO = INCLUDE_SOURCE;
				MTL_FAST_MATH = YES;
				ONLY_ACTIVE_ARCH = YES;
				SDKROOT = macosx;
				SWIFT_ACTIVE_COMPILATION_CONDITIONS = DEBUG;
				SWIFT_OPTIMIZATION_LEVEL = "-Onone";
			};
			name = Debug;
		};
		0327382228DC50D80049652C /* Release */ = {
			isa = XCBuildConfiguration;
			buildSettings = {
				ALWAYS_SEARCH_USER_PATHS = NO;
				CLANG_ANALYZER_NONNULL = YES;
				CLANG_ANALYZER_NUMBER_OBJECT_CONVERSION = YES_AGGRESSIVE;
				CLANG_CXX_LANGUAGE_STANDARD = "gnu++20";
				CLANG_ENABLE_MODULES = YES;
				CLANG_ENABLE_OBJC_ARC = YES;
				CLANG_ENABLE_OBJC_WEAK = YES;
				CLANG_WARN_BLOCK_CAPTURE_AUTORELEASING = YES;
				CLANG_WARN_BOOL_CONVERSION = YES;
				CLANG_WARN_COMMA = YES;
				CLANG_WARN_CONSTANT_CONVERSION = YES;
				CLANG_WARN_DEPRECATED_OBJC_IMPLEMENTATIONS = YES;
				CLANG_WARN_DIRECT_OBJC_ISA_USAGE = YES_ERROR;
				CLANG_WARN_DOCUMENTATION_COMMENTS = YES;
				CLANG_WARN_EMPTY_BODY = YES;
				CLANG_WARN_ENUM_CONVERSION = YES;
				CLANG_WARN_INFINITE_RECURSION = YES;
				CLANG_WARN_INT_CONVERSION = YES;
				CLANG_WARN_NON_LITERAL_NULL_CONVERSION = YES;
				CLANG_WARN_OBJC_IMPLICIT_RETAIN_SELF = YES;
				CLANG_WARN_OBJC_LITERAL_CONVERSION = YES;
				CLANG_WARN_OBJC_ROOT_CLASS = YES_ERROR;
				CLANG_WARN_QUOTED_INCLUDE_IN_FRAMEWORK_HEADER = YES;
				CLANG_WARN_RANGE_LOOP_ANALYSIS = YES;
				CLANG_WARN_STRICT_PROTOTYPES = YES;
				CLANG_WARN_SUSPICIOUS_MOVE = YES;
				CLANG_WARN_UNGUARDED_AVAILABILITY = YES_AGGRESSIVE;
				CLANG_WARN_UNREACHABLE_CODE = YES;
				CLANG_WARN__DUPLICATE_METHOD_MATCH = YES;
				COPY_PHASE_STRIP = NO;
				DEBUG_INFORMATION_FORMAT = "dwarf-with-dsym";
				ENABLE_NS_ASSERTIONS = NO;
				ENABLE_STRICT_OBJC_MSGSEND = YES;
				GCC_C_LANGUAGE_STANDARD = gnu11;
				GCC_NO_COMMON_BLOCKS = YES;
				GCC_WARN_64_TO_32_BIT_CONVERSION = YES;
				GCC_WARN_ABOUT_RETURN_TYPE = YES_ERROR;
				GCC_WARN_UNDECLARED_SELECTOR = YES;
				GCC_WARN_UNINITIALIZED_AUTOS = YES_AGGRESSIVE;
				GCC_WARN_UNUSED_FUNCTION = YES;
				GCC_WARN_UNUSED_VARIABLE = YES;
				MACOSX_DEPLOYMENT_TARGET = 12.3;
				MTL_ENABLE_DEBUG_INFO = NO;
				MTL_FAST_MATH = YES;
				SDKROOT = macosx;
				SWIFT_COMPILATION_MODE = wholemodule;
				SWIFT_OPTIMIZATION_LEVEL = "-O";
			};
			name = Release;
		};
		0327382428DC50D80049652C /* Debug */ = {
			isa = XCBuildConfiguration;
			buildSettings = {
				ASSETCATALOG_COMPILER_APPICON_NAME = AppIcon;
				ASSETCATALOG_COMPILER_GLOBAL_ACCENT_COLOR_NAME = AccentColor;
				CODE_SIGN_ENTITLEMENTS = test3/test3.entitlements;
				CODE_SIGN_STYLE = Automatic;
				COMBINE_HIDPI_IMAGES = YES;
				CURRENT_PROJECT_VERSION = 1;
				DEVELOPMENT_TEAM = 84WLNJ2YG4;
				ENABLE_HARDENED_RUNTIME = YES;
				GENERATE_INFOPLIST_FILE = YES;
				INFOPLIST_KEY_NSHumanReadableCopyright = "";
				INFOPLIST_KEY_NSMainStoryboardFile = Main;
				INFOPLIST_KEY_NSPrincipalClass = NSApplication;
				LD_RUNPATH_SEARCH_PATHS = (
					"$(inherited)",
					"@executable_path/../Frameworks",
				);
				MARKETING_VERSION = 1.0;
				PRODUCT_BUNDLE_IDENTIFIER = th.bergerac.test3;
				PRODUCT_NAME = "$(TARGET_NAME)";
				SWIFT_EMIT_LOC_STRINGS = YES;
				SWIFT_VERSION = 5.0;
			};
			name = Debug;
		};
		0327382528DC50D80049652C /* Release */ = {
			isa = XCBuildConfiguration;
			buildSettings = {
				ASSETCATALOG_COMPILER_APPICON_NAME = AppIcon;
				ASSETCATALOG_COMPILER_GLOBAL_ACCENT_COLOR_NAME = AccentColor;
				CODE_SIGN_ENTITLEMENTS = test3/test3.entitlements;
				CODE_SIGN_STYLE = Automatic;
				COMBINE_HIDPI_IMAGES = YES;
				CURRENT_PROJECT_VERSION = 1;
				DEVELOPMENT_TEAM = 84WLNJ2YG4;
				ENABLE_HARDENED_RUNTIME = YES;
				GENERATE_INFOPLIST_FILE = YES;
				INFOPLIST_KEY_NSHumanReadableCopyright = "";
				INFOPLIST_KEY_NSMainStoryboardFile = Main;
				INFOPLIST_KEY_NSPrincipalClass = NSApplication;
				LD_RUNPATH_SEARCH_PATHS = (
					"$(inherited)",
					"@executable_path/../Frameworks",
				);
				MARKETING_VERSION = 1.0;
				PRODUCT_BUNDLE_IDENTIFIER = th.bergerac.test3;
				PRODUCT_NAME = "$(TARGET_NAME)";
				SWIFT_EMIT_LOC_STRINGS = YES;
				SWIFT_VERSION = 5.0;
			};
			name = Release;
		};
		0327382728DC50D80049652C /* Debug */ = {
			isa = XCBuildConfiguration;
			buildSettings = {
				ALWAYS_EMBED_SWIFT_STANDARD_LIBRARIES = YES;
				BUNDLE_LOADER = "$(TEST_HOST)";
				CODE_SIGN_STYLE = Automatic;
				CURRENT_PROJECT_VERSION = 1;
				DEVELOPMENT_TEAM = 84WLNJ2YG4;
				GENERATE_INFOPLIST_FILE = YES;
				MACOSX_DEPLOYMENT_TARGET = 12.3;
				MARKETING_VERSION = 1.0;
				PRODUCT_BUNDLE_IDENTIFIER = th.bergerac.test3Tests;
				PRODUCT_NAME = "$(TARGET_NAME)";
				SWIFT_EMIT_LOC_STRINGS = NO;
				SWIFT_VERSION = 5.0;
				TEST_HOST = "$(BUILT_PRODUCTS_DIR)/test3.app/$(BUNDLE_EXECUTABLE_FOLDER_PATH)/test3";
			};
			name = Debug;
		};
		0327382828DC50D80049652C /* Release */ = {
			isa = XCBuildConfiguration;
			buildSettings = {
				ALWAYS_EMBED_SWIFT_STANDARD_LIBRARIES = YES;
				BUNDLE_LOADER = "$(TEST_HOST)";
				CODE_SIGN_STYLE = Automatic;
				CURRENT_PROJECT_VERSION = 1;
				DEVELOPMENT_TEAM = 84WLNJ2YG4;
				GENERATE_INFOPLIST_FILE = YES;
				MACOSX_DEPLOYMENT_TARGET = 12.3;
				MARKETING_VERSION = 1.0;
				PRODUCT_BUNDLE_IDENTIFIER = th.bergerac.test3Tests;
				PRODUCT_NAME = "$(TARGET_NAME)";
				SWIFT_EMIT_LOC_STRINGS = NO;
				SWIFT_VERSION = 5.0;
				TEST_HOST = "$(BUILT_PRODUCTS_DIR)/test3.app/$(BUNDLE_EXECUTABLE_FOLDER_PATH)/test3";
			};
			name = Release;
		};
		0327382A28DC50D80049652C /* Debug */ = {
			isa = XCBuildConfiguration;
			buildSettings = {
				ALWAYS_EMBED_SWIFT_STANDARD_LIBRARIES = YES;
				CODE_SIGN_STYLE = Automatic;
				CURRENT_PROJECT_VERSION = 1;
				DEVELOPMENT_TEAM = 84WLNJ2YG4;
				GENERATE_INFOPLIST_FILE = YES;
				MARKETING_VERSION = 1.0;
				PRODUCT_BUNDLE_IDENTIFIER = th.bergerac.test3UITests;
				PRODUCT_NAME = "$(TARGET_NAME)";
				SWIFT_EMIT_LOC_STRINGS = NO;
				SWIFT_VERSION = 5.0;
				TEST_TARGET_NAME = test3;
			};
			name = Debug;
		};
		0327382B28DC50D80049652C /* Release */ = {
			isa = XCBuildConfiguration;
			buildSettings = {
				ALWAYS_EMBED_SWIFT_STANDARD_LIBRARIES = YES;
				CODE_SIGN_STYLE = Automatic;
				CURRENT_PROJECT_VERSION = 1;
				DEVELOPMENT_TEAM = 84WLNJ2YG4;
				GENERATE_INFOPLIST_FILE = YES;
				MARKETING_VERSION = 1.0;
				PRODUCT_BUNDLE_IDENTIFIER = th.bergerac.test3UITests;
				PRODUCT_NAME = "$(TARGET_NAME)";
				SWIFT_EMIT_LOC_STRINGS = NO;
				SWIFT_VERSION = 5.0;
				TEST_TARGET_NAME = test3;
			};
			name = Release;
		};
/* End XCBuildConfiguration section */

/* Begin XCConfigurationList section */
		032737F928DC50D60049652C /* Build configuration list for PBXProject "test3" */ = {
			isa = XCConfigurationList;
			buildConfigurations = (
				0327382128DC50D80049652C /* Debug */,
				0327382228DC50D80049652C /* Release */,
			);
			defaultConfigurationIsVisible = 0;
			defaultConfigurationName = Release;
		};
		0327382328DC50D80049652C /* Build configuration list for PBXNativeTarget "test3" */ = {
			isa = XCConfigurationList;
			buildConfigurations = (
				0327382428DC50D80049652C /* Debug */,
				0327382528DC50D80049652C /* Release */,
			);
			defaultConfigurationIsVisible = 0;
			defaultConfigurationName = Release;
		};
		0327382628DC50D80049652C /* Build configuration list for PBXNativeTarget "test3Tests" */ = {
			isa = XCConfigurationList;
			buildConfigurations = (
				0327382728DC50D80049652C /* Debug */,
				0327382828DC50D80049652C /* Release */,
			);
			defaultConfigurationIsVisible = 0;
			defaultConfigurationName = Release;
		};
		0327382928DC50D80049652C /* Build configuration list for PBXNativeTarget "test3UITests" */ = {
			isa = XCConfigurationList;
			buildConfigurations = (
				0327382A28DC50D80049652C /* Debug */,
				0327382B28DC50D80049652C /* Release */,
			);
			defaultConfigurationIsVisible = 0;
			defaultConfigurationName = Release;
		};
/* End XCConfigurationList section */
	};
	rootObject = 032737F628DC50D60049652C /* Project object */;
}
